
Microsoft Visual Studio Solution File, Format Version 12.00
# Visual Studio Version 16
VisualStudioVersion = 16.0.29519.87
MinimumVisualStudioVersion = 10.0.40219.1
Project("{FAE04EC0-301F-11D3-BF4B-00C04F79EFBC}") = "Business", "Business\Business.csproj", "{8E022FA4-1D73-478D-9960-9F4A64983BE3}"
EndProject
Project("{FAE04EC0-301F-11D3-BF4B-00C04F79EFBC}") = "Core", "Core\Core.csproj", "{96E4C7BE-11DC-4942-A235-5041344805A1}"
EndProject
Project("{FAE04EC0-301F-11D3-BF4B-00C04F79EFBC}") = "DataAccess", "DataAccess\DataAccess.csproj", "{701EDAE1-D3EC-4D9D-BCA5-9BAFCEE25F9A}"
EndProject
Project("{FAE04EC0-301F-11D3-BF4B-00C04F79EFBC}") = "Entities", "Entities\Entities.csproj", "{476031F8-2827-4E47-8978-090F7D6E235B}"
EndProject
Project("{FAE04EC0-301F-11D3-BF4B-00C04F79EFBC}") = "WebAPI", "WebAPI\WebAPI.csproj", "{FED7FEB8-AE5C-4D49-A8DE-A4D4AB64FBFD}"
EndProject
Global
	GlobalSection(SolutionConfigurationPlatforms) = preSolution
		Debug|Any CPU = Debug|Any CPU
		Release|Any CPU = Release|Any CPU
	EndGlobalSection
	GlobalSection(ProjectConfigurationPlatforms) = postSolution
		{8E022FA4-1D73-478D-9960-9F4A64983BE3}.Debug|Any CPU.ActiveCfg = Debug|Any CPU
		{8E022FA4-1D73-478D-9960-9F4A64983BE3}.Debug|Any CPU.Build.0 = Debug|Any CPU
		{8E022FA4-1D73-478D-9960-9F4A64983BE3}.Release|Any CPU.ActiveCfg = Release|Any CPU
		{8E022FA4-1D73-478D-9960-9F4A64983BE3}.Release|Any CPU.Build.0 = Release|Any CPU
		{96E4C7BE-11DC-4942-A235-5041344805A1}.Debug|Any CPU.ActiveCfg = Debug|Any CPU
		{96E4C7BE-11DC-4942-A235-5041344805A1}.Debug|Any CPU.Build.0 = Debug|Any CPU
		{96E4C7BE-11DC-4942-A235-5041344805A1}.Release|Any CPU.ActiveCfg = Release|Any CPU
		{96E4C7BE-11DC-4942-A235-5041344805A1}.Release|Any CPU.Build.0 = Release|Any CPU
		{701EDAE1-D3EC-4D9D-BCA5-9BAFCEE25F9A}.Debug|Any CPU.ActiveCfg = Debug|Any CPU
		{701EDAE1-D3EC-4D9D-BCA5-9BAFCEE25F9A}.Debug|Any CPU.Build.0 = Debug|Any CPU
		{701EDAE1-D3EC-4D9D-BCA5-9BAFCEE25F9A}.Release|Any CPU.ActiveCfg = Release|Any CPU
		{701EDAE1-D3EC-4D9D-BCA5-9BAFCEE25F9A}.Release|Any CPU.Build.0 = Release|Any CPU
		{476031F8-2827-4E47-8978-090F7D6E235B}.Debug|Any CPU.ActiveCfg = Debug|Any CPU
		{476031F8-2827-4E47-8978-090F7D6E235B}.Debug|Any CPU.Build.0 = Debug|Any CPU
		{476031F8-2827-4E47-8978-090F7D6E235B}.Release|Any CPU.ActiveCfg = Release|Any CPU
		{476031F8-2827-4E47-8978-090F7D6E235B}.Release|Any CPU.Build.0 = Release|Any CPU
		{FED7FEB8-AE5C-4D49-A8DE-A4D4AB64FBFD}.Debug|Any CPU.ActiveCfg = Debug|Any CPU
		{FED7FEB8-AE5C-4D49-A8DE-A4D4AB64FBFD}.Debug|Any CPU.Build.0 = Debug|Any CPU
		{FED7FEB8-AE5C-4D49-A8DE-A4D4AB64FBFD}.Release|Any CPU.ActiveCfg = Release|Any CPU
		{FED7FEB8-AE5C-4D49-A8DE-A4D4AB64FBFD}.Release|Any CPU.Build.0 = Release|Any CPU
	EndGlobalSection
	GlobalSection(SolutionProperties) = preSolution
		HideSolutionNode = FALSE
	EndGlobalSection
	GlobalSection(ExtensibilityGlobals) = postSolution
		SolutionGuid = {3F8D599F-6514-46CE-A6CB-8DC3ADBD1622}
	EndGlobalSection
EndGlobal
